
Microsoft Visual Studio Solution File, Format Version 12.00
# Visual Studio Version 16
VisualStudioVersion = 16.0.31005.135
MinimumVisualStudioVersion = 10.0.40219.1
Project("{FAE04EC0-301F-11D3-BF4B-00C04F79EFBC}") = "DisplayDataChart", "DisplayDataChart\DisplayDataChart.csproj", "{13ADAA05-6CF0-4945-A9A2-EA7E08E50BCC}"
EndProject
Global
	GlobalSection(SolutionConfigurationPlatforms) = preSolution
		Debug|Any CPU = Debug|Any CPU
		Release|Any CPU = Release|Any CPU
	EndGlobalSection
	GlobalSection(ProjectConfigurationPlatforms) = postSolution
		{13ADAA05-6CF0-4945-A9A2-EA7E08E50BCC}.Debug|Any CPU.ActiveCfg = Debug|Any CPU
		{13ADAA05-6CF0-4945-A9A2-EA7E08E50BCC}.Debug|Any CPU.Build.0 = Debug|Any CPU
		{13ADAA05-6CF0-4945-A9A2-EA7E08E50BCC}.Release|Any CPU.ActiveCfg = Release|Any CPU
		{13ADAA05-6CF0-4945-A9A2-EA7E08E50BCC}.Release|Any CPU.Build.0 = Release|Any CPU
	EndGlobalSection
	GlobalSection(SolutionProperties) = preSolution
		HideSolutionNode = FALSE
	EndGlobalSection
	GlobalSection(ExtensibilityGlobals) = postSolution
		SolutionGuid = {21CEB486-E6BC-4C53-B815-25467D3FE493}
	EndGlobalSection
EndGlobal
